
Microsoft Visual Studio Solution File, Format Version 12.00
# Visual Studio Version 17
VisualStudioVersion = 17.10.35027.167
MinimumVisualStudioVersion = 10.0.40219.1
Project("{FAE04EC0-301F-11D3-BF4B-00C04F79EFBC}") = "DirectoryCreator", "DirectoryCreator\DirectoryCreator.csproj", "{FC3485C7-8899-4E47-883B-3B144947E442}"
EndProject
Global
	GlobalSection(SolutionConfigurationPlatforms) = preSolution
		Debug|Any CPU = Debug|Any CPU
		Release|Any CPU = Release|Any CPU
	EndGlobalSection
	GlobalSection(ProjectConfigurationPlatforms) = postSolution
		{FC3485C7-8899-4E47-883B-3B144947E442}.Debug|Any CPU.ActiveCfg = Debug|Any CPU
		{FC3485C7-8899-4E47-883B-3B144947E442}.Debug|Any CPU.Build.0 = Debug|Any CPU
		{FC3485C7-8899-4E47-883B-3B144947E442}.Release|Any CPU.ActiveCfg = Release|Any CPU
		{FC3485C7-8899-4E47-883B-3B144947E442}.Release|Any CPU.Build.0 = Release|Any CPU
	EndGlobalSection
	GlobalSection(SolutionProperties) = preSolution
		HideSolutionNode = FALSE
	EndGlobalSection
	GlobalSection(ExtensibilityGlobals) = postSolution
		SolutionGuid = {C1C818DF-5CDA-46C9-8451-8EB2E72E02A8}
	EndGlobalSection
EndGlobal
